
Microsoft Visual Studio Solution File, Format Version 12.00
# Visual Studio Version 17
VisualStudioVersion = 17.9.34701.34
MinimumVisualStudioVersion = 10.0.40219.1
Project("{9A19103F-16F7-4668-BE54-9A1E7A4F7556}") = "TestNumerics", "TestNumerics\TestNumerics.csproj", "{AB88C955-77AC-47DD-9AA7-A62D403A6E08}"
EndProject
Project("{9A19103F-16F7-4668-BE54-9A1E7A4F7556}") = "NumericsCore", "NumericsCore\NumericsCore.csproj", "{18303DF3-7B1E-400E-B436-37EE0D81EF8E}"
EndProject
Project("{9A19103F-16F7-4668-BE54-9A1E7A4F7556}") = "NumericsSkia", "NumericsSkia\NumericsSkia.csproj", "{67184B6C-30E6-4FE3-B041-EB40AA0E1524}"
EndProject
Project("{9A19103F-16F7-4668-BE54-9A1E7A4F7556}") = "Ornamental", "Ornamental\Ornamental.csproj", "{8C0A04A2-F6D8-43D1-92E4-A05AB60F0956}"
	ProjectSection(ProjectDependencies) = postProject
		{18303DF3-7B1E-400E-B436-37EE0D81EF8E} = {18303DF3-7B1E-400E-B436-37EE0D81EF8E}
		{67184B6C-30E6-4FE3-B041-EB40AA0E1524} = {67184B6C-30E6-4FE3-B041-EB40AA0E1524}
	EndProjectSection
EndProject
Project("{FAE04EC0-301F-11D3-BF4B-00C04F79EFBC}") = "NumericsAPI", "NumericsAPI\NumericsAPI.csproj", "{658140B8-985F-4910-9072-ABE33DD2E7C2}"
EndProject
Global
	GlobalSection(SolutionConfigurationPlatforms) = preSolution
		Debug|Any CPU = Debug|Any CPU
		Release|Any CPU = Release|Any CPU
	EndGlobalSection
	GlobalSection(ProjectConfigurationPlatforms) = postSolution
		{AB88C955-77AC-47DD-9AA7-A62D403A6E08}.Debug|Any CPU.ActiveCfg = Debug|Any CPU
		{AB88C955-77AC-47DD-9AA7-A62D403A6E08}.Debug|Any CPU.Build.0 = Debug|Any CPU
		{AB88C955-77AC-47DD-9AA7-A62D403A6E08}.Release|Any CPU.ActiveCfg = Release|Any CPU
		{AB88C955-77AC-47DD-9AA7-A62D403A6E08}.Release|Any CPU.Build.0 = Release|Any CPU
		{18303DF3-7B1E-400E-B436-37EE0D81EF8E}.Debug|Any CPU.ActiveCfg = Debug|Any CPU
		{18303DF3-7B1E-400E-B436-37EE0D81EF8E}.Debug|Any CPU.Build.0 = Debug|Any CPU
		{18303DF3-7B1E-400E-B436-37EE0D81EF8E}.Release|Any CPU.ActiveCfg = Release|Any CPU
		{18303DF3-7B1E-400E-B436-37EE0D81EF8E}.Release|Any CPU.Build.0 = Release|Any CPU
		{67184B6C-30E6-4FE3-B041-EB40AA0E1524}.Debug|Any CPU.ActiveCfg = Debug|Any CPU
		{67184B6C-30E6-4FE3-B041-EB40AA0E1524}.Debug|Any CPU.Build.0 = Debug|Any CPU
		{67184B6C-30E6-4FE3-B041-EB40AA0E1524}.Release|Any CPU.ActiveCfg = Release|Any CPU
		{67184B6C-30E6-4FE3-B041-EB40AA0E1524}.Release|Any CPU.Build.0 = Release|Any CPU
		{8C0A04A2-F6D8-43D1-92E4-A05AB60F0956}.Debug|Any CPU.ActiveCfg = Debug|Any CPU
		{8C0A04A2-F6D8-43D1-92E4-A05AB60F0956}.Debug|Any CPU.Build.0 = Debug|Any CPU
		{8C0A04A2-F6D8-43D1-92E4-A05AB60F0956}.Release|Any CPU.ActiveCfg = Release|Any CPU
		{8C0A04A2-F6D8-43D1-92E4-A05AB60F0956}.Release|Any CPU.Build.0 = Release|Any CPU
		{658140B8-985F-4910-9072-ABE33DD2E7C2}.Debug|Any CPU.ActiveCfg = Debug|Any CPU
		{658140B8-985F-4910-9072-ABE33DD2E7C2}.Debug|Any CPU.Build.0 = Debug|Any CPU
		{658140B8-985F-4910-9072-ABE33DD2E7C2}.Release|Any CPU.ActiveCfg = Release|Any CPU
		{658140B8-985F-4910-9072-ABE33DD2E7C2}.Release|Any CPU.Build.0 = Release|Any CPU
	EndGlobalSection
	GlobalSection(SolutionProperties) = preSolution
		HideSolutionNode = FALSE
	EndGlobalSection
	GlobalSection(ExtensibilityGlobals) = postSolution
		SolutionGuid = {215706DA-2E57-4173-BB80-7D88E03E9485}
	EndGlobalSection
EndGlobal
